
Microsoft Visual Studio Solution File, Format Version 12.00
# Visual Studio Version 17
VisualStudioVersion = 17.12.35707.178
MinimumVisualStudioVersion = 10.0.40219.1
Project("{FAE04EC0-301F-11D3-BF4B-00C04F79EFBC}") = "Facts_WebAPI", "Facts_WebAPI\Facts_WebAPI.csproj", "{4C321630-DB8D-48B0-A690-F66E5A6D2C50}"
EndProject
Project("{FAE04EC0-301F-11D3-BF4B-00C04F79EFBC}") = "Facts_Business", "Facts_Business\Facts_Business.csproj", "{DE5AD457-92AC-47BC-9842-39652637FDC0}"
EndProject
Project("{FAE04EC0-301F-11D3-BF4B-00C04F79EFBC}") = "Facts_Common", "Facts_Common\Facts_Common.csproj", "{58BAFE2E-9887-4CE7-82BB-BE9732291B43}"
EndProject
Project("{FAE04EC0-301F-11D3-BF4B-00C04F79EFBC}") = "Facts_DataAccess", "Facts_DataAccess\Facts_DataAccess.csproj", "{E8511ACB-DE9A-4F1A-85E0-92A4F4BF6116}"
EndProject
Project("{FAE04EC0-301F-11D3-BF4B-00C04F79EFBC}") = "Facts_Models", "Facts_Models\Facts_Models.csproj", "{A406D447-23D2-44AB-AC44-AF0C5384A2D8}"
EndProject
Global
	GlobalSection(SolutionConfigurationPlatforms) = preSolution
		Debug|Any CPU = Debug|Any CPU
		Release|Any CPU = Release|Any CPU
	EndGlobalSection
	GlobalSection(ProjectConfigurationPlatforms) = postSolution
		{4C321630-DB8D-48B0-A690-F66E5A6D2C50}.Debug|Any CPU.ActiveCfg = Debug|Any CPU
		{4C321630-DB8D-48B0-A690-F66E5A6D2C50}.Debug|Any CPU.Build.0 = Debug|Any CPU
		{4C321630-DB8D-48B0-A690-F66E5A6D2C50}.Release|Any CPU.ActiveCfg = Release|Any CPU
		{4C321630-DB8D-48B0-A690-F66E5A6D2C50}.Release|Any CPU.Build.0 = Release|Any CPU
		{DE5AD457-92AC-47BC-9842-39652637FDC0}.Debug|Any CPU.ActiveCfg = Debug|Any CPU
		{DE5AD457-92AC-47BC-9842-39652637FDC0}.Debug|Any CPU.Build.0 = Debug|Any CPU
		{DE5AD457-92AC-47BC-9842-39652637FDC0}.Release|Any CPU.ActiveCfg = Release|Any CPU
		{DE5AD457-92AC-47BC-9842-39652637FDC0}.Release|Any CPU.Build.0 = Release|Any CPU
		{58BAFE2E-9887-4CE7-82BB-BE9732291B43}.Debug|Any CPU.ActiveCfg = Debug|Any CPU
		{58BAFE2E-9887-4CE7-82BB-BE9732291B43}.Debug|Any CPU.Build.0 = Debug|Any CPU
		{58BAFE2E-9887-4CE7-82BB-BE9732291B43}.Release|Any CPU.ActiveCfg = Release|Any CPU
		{58BAFE2E-9887-4CE7-82BB-BE9732291B43}.Release|Any CPU.Build.0 = Release|Any CPU
		{E8511ACB-DE9A-4F1A-85E0-92A4F4BF6116}.Debug|Any CPU.ActiveCfg = Debug|Any CPU
		{E8511ACB-DE9A-4F1A-85E0-92A4F4BF6116}.Debug|Any CPU.Build.0 = Debug|Any CPU
		{E8511ACB-DE9A-4F1A-85E0-92A4F4BF6116}.Release|Any CPU.ActiveCfg = Release|Any CPU
		{E8511ACB-DE9A-4F1A-85E0-92A4F4BF6116}.Release|Any CPU.Build.0 = Release|Any CPU
		{A406D447-23D2-44AB-AC44-AF0C5384A2D8}.Debug|Any CPU.ActiveCfg = Debug|Any CPU
		{A406D447-23D2-44AB-AC44-AF0C5384A2D8}.Debug|Any CPU.Build.0 = Debug|Any CPU
		{A406D447-23D2-44AB-AC44-AF0C5384A2D8}.Release|Any CPU.ActiveCfg = Release|Any CPU
		{A406D447-23D2-44AB-AC44-AF0C5384A2D8}.Release|Any CPU.Build.0 = Release|Any CPU
	EndGlobalSection
	GlobalSection(SolutionProperties) = preSolution
		HideSolutionNode = FALSE
	EndGlobalSection
EndGlobal
